// !$*UTF8*$!
{
	archiveVersion = 1;
	classes = {
	};
	objectVersion = 50;
	objects = {

/* Begin PBXBuildFile section */
		451C24922659E029004C52AD /* SwiftUI_training_APIApp.swift in Sources */ = {isa = PBXBuildFile; fileRef = 451C24912659E029004C52AD /* SwiftUI_training_APIApp.swift */; };
		451C24942659E029004C52AD /* RepoListView.swift in Sources */ = {isa = PBXBuildFile; fileRef = 451C24932659E029004C52AD /* RepoListView.swift */; };
		451C24962659E02B004C52AD /* Assets.xcassets in Resources */ = {isa = PBXBuildFile; fileRef = 451C24952659E02B004C52AD /* Assets.xcassets */; };
		451C24992659E02B004C52AD /* Preview Assets.xcassets in Resources */ = {isa = PBXBuildFile; fileRef = 451C24982659E02B004C52AD /* Preview Assets.xcassets */; };
		451C24A22659E4AC004C52AD /* User.swift in Sources */ = {isa = PBXBuildFile; fileRef = 451C24A12659E4AC004C52AD /* User.swift */; };
		451C24A52659E4B4004C52AD /* Repo.swift in Sources */ = {isa = PBXBuildFile; fileRef = 451C24A42659E4B4004C52AD /* Repo.swift */; };
		451C24A92659E771004C52AD /* RepoInfoView.swift in Sources */ = {isa = PBXBuildFile; fileRef = 451C24A82659E771004C52AD /* RepoInfoView.swift */; };
		451C24AC265AB77F004C52AD /* RepoDetailView.swift in Sources */ = {isa = PBXBuildFile; fileRef = 451C24AB265AB77F004C52AD /* RepoDetailView.swift */; };
		451C24B3265AB8F8004C52AD /* Repo+mock.swift in Sources */ = {isa = PBXBuildFile; fileRef = 451C24B2265AB8F8004C52AD /* Repo+mock.swift */; };
		451C24B7265AB909004C52AD /* User+mock.swift in Sources */ = {isa = PBXBuildFile; fileRef = 451C24B6265AB909004C52AD /* User+mock.swift */; };
		45316F5D2678F7A800CAB910 /* Stateful.swift in Sources */ = {isa = PBXBuildFile; fileRef = 45316F5C2678F7A800CAB910 /* Stateful.swift */; };
		45316F61268561F900CAB910 /* RepoListViewModel.swift in Sources */ = {isa = PBXBuildFile; fileRef = 45316F60268561F900CAB910 /* RepoListViewModel.swift */; };
		45316F65268562B900CAB910 /* RepoRepository.swift in Sources */ = {isa = PBXBuildFile; fileRef = 45316F64268562B900CAB910 /* RepoRepository.swift */; };
		45316F682685632A00CAB910 /* RepoAPIClient.swift in Sources */ = {isa = PBXBuildFile; fileRef = 45316F672685632A00CAB910 /* RepoAPIClient.swift */; };
		458F73F326A27C6400FCD410 /* RepoListViewModelTests.swift in Sources */ = {isa = PBXBuildFile; fileRef = 458F73F226A27C6400FCD410 /* RepoListViewModelTests.swift */; };
		458F73FF26A8490F00FCD410 /* RepoRepositoryMock.swift in Sources */ = {isa = PBXBuildFile; fileRef = 458F73FE26A8490F00FCD410 /* RepoRepositoryMock.swift */; };
		45F98BE42668F688000B30F2 /* PublicRepository.swift in Sources */ = {isa = PBXBuildFile; fileRef = 45F98BE32668F688000B30F2 /* PublicRepository.swift */; };
		45F98BEB266A674B000B30F2 /* RepoErrorView.swift in Sources */ = {isa = PBXBuildFile; fileRef = 45F98BEA266A674B000B30F2 /* RepoErrorView.swift */; };
		45F98BEE266A7010000B30F2 /* RepoEmptyView.swift in Sources */ = {isa = PBXBuildFile; fileRef = 45F98BED266A7010000B30F2 /* RepoEmptyView.swift */; };
/* End PBXBuildFile section */

/* Begin PBXContainerItemProxy section */
		458F73F526A27C6400FCD410 /* PBXContainerItemProxy */ = {
			isa = PBXContainerItemProxy;
			containerPortal = 451C24862659E028004C52AD /* Project object */;
			proxyType = 1;
			remoteGlobalIDString = 451C248D2659E029004C52AD;
			remoteInfo = "SwiftUI-training-API";
		};
/* End PBXContainerItemProxy section */

/* Begin PBXFileReference section */
		451C248E2659E029004C52AD /* SwiftUI-training-API.app */ = {isa = PBXFileReference; explicitFileType = wrapper.application; includeInIndex = 0; path = "SwiftUI-training-API.app"; sourceTree = BUILT_PRODUCTS_DIR; };
		451C24912659E029004C52AD /* SwiftUI_training_APIApp.swift */ = {isa = PBXFileReference; lastKnownFileType = sourcecode.swift; path = SwiftUI_training_APIApp.swift; sourceTree = "<group>"; };
		451C24932659E029004C52AD /* RepoListView.swift */ = {isa = PBXFileReference; lastKnownFileType = sourcecode.swift; path = RepoListView.swift; sourceTree = "<group>"; };
		451C24952659E02B004C52AD /* Assets.xcassets */ = {isa = PBXFileReference; lastKnownFileType = folder.assetcatalog; path = Assets.xcassets; sourceTree = "<group>"; };
		451C24982659E02B004C52AD /* Preview Assets.xcassets */ = {isa = PBXFileReference; lastKnownFileType = folder.assetcatalog; path = "Preview Assets.xcassets"; sourceTree = "<group>"; };
		451C249A2659E02B004C52AD /* Info.plist */ = {isa = PBXFileReference; lastKnownFileType = text.plist.xml; path = Info.plist; sourceTree = "<group>"; };
		451C24A12659E4AC004C52AD /* User.swift */ = {isa = PBXFileReference; lastKnownFileType = sourcecode.swift; path = User.swift; sourceTree = "<group>"; };
		451C24A42659E4B4004C52AD /* Repo.swift */ = {isa = PBXFileReference; lastKnownFileType = sourcecode.swift; path = Repo.swift; sourceTree = "<group>"; };
		451C24A82659E771004C52AD /* RepoInfoView.swift */ = {isa = PBXFileReference; lastKnownFileType = sourcecode.swift; path = RepoInfoView.swift; sourceTree = "<group>"; };
		451C24AB265AB77F004C52AD /* RepoDetailView.swift */ = {isa = PBXFileReference; lastKnownFileType = sourcecode.swift; path = RepoDetailView.swift; sourceTree = "<group>"; };
		451C24B2265AB8F8004C52AD /* Repo+mock.swift */ = {isa = PBXFileReference; lastKnownFileType = sourcecode.swift; path = "Repo+mock.swift"; sourceTree = "<group>"; };
		451C24B6265AB909004C52AD /* User+mock.swift */ = {isa = PBXFileReference; lastKnownFileType = sourcecode.swift; path = "User+mock.swift"; sourceTree = "<group>"; };
		45316F5C2678F7A800CAB910 /* Stateful.swift */ = {isa = PBXFileReference; lastKnownFileType = sourcecode.swift; path = Stateful.swift; sourceTree = "<group>"; };
		45316F60268561F900CAB910 /* RepoListViewModel.swift */ = {isa = PBXFileReference; lastKnownFileType = sourcecode.swift; path = RepoListViewModel.swift; sourceTree = "<group>"; };
		45316F64268562B900CAB910 /* RepoRepository.swift */ = {isa = PBXFileReference; lastKnownFileType = sourcecode.swift; path = RepoRepository.swift; sourceTree = "<group>"; };
		45316F672685632A00CAB910 /* RepoAPIClient.swift */ = {isa = PBXFileReference; lastKnownFileType = sourcecode.swift; path = RepoAPIClient.swift; sourceTree = "<group>"; };
		458F73F026A27C6400FCD410 /* SwiftUI-training-APITests.xctest */ = {isa = PBXFileReference; explicitFileType = wrapper.cfbundle; includeInIndex = 0; path = "SwiftUI-training-APITests.xctest"; sourceTree = BUILT_PRODUCTS_DIR; };
		458F73F226A27C6400FCD410 /* RepoListViewModelTests.swift */ = {isa = PBXFileReference; lastKnownFileType = sourcecode.swift; path = RepoListViewModelTests.swift; sourceTree = "<group>"; };
		458F73F426A27C6400FCD410 /* Info.plist */ = {isa = PBXFileReference; lastKnownFileType = text.plist.xml; path = Info.plist; sourceTree = "<group>"; };
		458F73FE26A8490F00FCD410 /* RepoRepositoryMock.swift */ = {isa = PBXFileReference; lastKnownFileType = sourcecode.swift; path = RepoRepositoryMock.swift; sourceTree = "<group>"; };
		45F98BE32668F688000B30F2 /* PublicRepository.swift */ = {isa = PBXFileReference; lastKnownFileType = sourcecode.swift; path = PublicRepository.swift; sourceTree = "<group>"; };
		45F98BEA266A674B000B30F2 /* RepoErrorView.swift */ = {isa = PBXFileReference; lastKnownFileType = sourcecode.swift; path = RepoErrorView.swift; sourceTree = "<group>"; };
		45F98BED266A7010000B30F2 /* RepoEmptyView.swift */ = {isa = PBXFileReference; lastKnownFileType = sourcecode.swift; path = RepoEmptyView.swift; sourceTree = "<group>"; };
/* End PBXFileReference section */

/* Begin PBXFrameworksBuildPhase section */
		451C248B2659E029004C52AD /* Frameworks */ = {
			isa = PBXFrameworksBuildPhase;
			buildActionMask = 2147483647;
			files = (
			);
			runOnlyForDeploymentPostprocessing = 0;
		};
		458F73ED26A27C6400FCD410 /* Frameworks */ = {
			isa = PBXFrameworksBuildPhase;
			buildActionMask = 2147483647;
			files = (
			);
			runOnlyForDeploymentPostprocessing = 0;
		};
/* End PBXFrameworksBuildPhase section */

/* Begin PBXGroup section */
		451C24852659E028004C52AD = {
			isa = PBXGroup;
			children = (
				451C24902659E029004C52AD /* SwiftUI-training-API */,
				458F73F126A27C6400FCD410 /* SwiftUI-training-APITests */,
				451C248F2659E029004C52AD /* Products */,
			);
			sourceTree = "<group>";
		};
		451C248F2659E029004C52AD /* Products */ = {
			isa = PBXGroup;
			children = (
				451C248E2659E029004C52AD /* SwiftUI-training-API.app */,
				458F73F026A27C6400FCD410 /* SwiftUI-training-APITests.xctest */,
			);
			name = Products;
			sourceTree = "<group>";
		};
		451C24902659E029004C52AD /* SwiftUI-training-API */ = {
			isa = PBXGroup;
			children = (
				45316F5F268561E900CAB910 /* ViewModel */,
				45F98BE22668F674000B30F2 /* Model */,
				451C24AF265AB7BD004C52AD /* Views */,
				451C24912659E029004C52AD /* SwiftUI_training_APIApp.swift */,
				451C24952659E02B004C52AD /* Assets.xcassets */,
				451C249A2659E02B004C52AD /* Info.plist */,
				451C24972659E02B004C52AD /* Preview Content */,
			);
			path = "SwiftUI-training-API";
			sourceTree = "<group>";
		};
		451C24972659E02B004C52AD /* Preview Content */ = {
			isa = PBXGroup;
			children = (
				451C24B1265AB8E4004C52AD /* Mock */,
				451C24982659E02B004C52AD /* Preview Assets.xcassets */,
			);
			path = "Preview Content";
			sourceTree = "<group>";
		};
		451C24AF265AB7BD004C52AD /* Views */ = {
			isa = PBXGroup;
			children = (
				451C24A82659E771004C52AD /* RepoInfoView.swift */,
				451C24932659E029004C52AD /* RepoListView.swift */,
				451C24AB265AB77F004C52AD /* RepoDetailView.swift */,
				45F98BEA266A674B000B30F2 /* RepoErrorView.swift */,
				45F98BED266A7010000B30F2 /* RepoEmptyView.swift */,
			);
			path = Views;
			sourceTree = "<group>";
		};
		451C24B1265AB8E4004C52AD /* Mock */ = {
			isa = PBXGroup;
			children = (
				451C24B2265AB8F8004C52AD /* Repo+mock.swift */,
				451C24B6265AB909004C52AD /* User+mock.swift */,
				458F73FE26A8490F00FCD410 /* RepoRepositoryMock.swift */,
			);
			path = Mock;
			sourceTree = "<group>";
		};
		45316F5F268561E900CAB910 /* ViewModel */ = {
			isa = PBXGroup;
			children = (
				45316F60268561F900CAB910 /* RepoListViewModel.swift */,
			);
			path = ViewModel;
			sourceTree = "<group>";
		};
		458F73F126A27C6400FCD410 /* SwiftUI-training-APITests */ = {
			isa = PBXGroup;
			children = (
				458F73F226A27C6400FCD410 /* RepoListViewModelTests.swift */,
				458F73F426A27C6400FCD410 /* Info.plist */,
			);
			path = "SwiftUI-training-APITests";
			sourceTree = "<group>";
		};
		45F98BE22668F674000B30F2 /* Model */ = {
			isa = PBXGroup;
			children = (
				45316F64268562B900CAB910 /* RepoRepository.swift */,
				45316F672685632A00CAB910 /* RepoAPIClient.swift */,
				45F98BE32668F688000B30F2 /* PublicRepository.swift */,
				45316F5C2678F7A800CAB910 /* Stateful.swift */,
				451C24A12659E4AC004C52AD /* User.swift */,
				451C24A42659E4B4004C52AD /* Repo.swift */,
			);
			path = Model;
			sourceTree = "<group>";
		};
/* End PBXGroup section */

/* Begin PBXNativeTarget section */
		451C248D2659E029004C52AD /* SwiftUI-training-API */ = {
			isa = PBXNativeTarget;
			buildConfigurationList = 451C249D2659E02B004C52AD /* Build configuration list for PBXNativeTarget "SwiftUI-training-API" */;
			buildPhases = (
				451C248A2659E029004C52AD /* Sources */,
				451C248B2659E029004C52AD /* Frameworks */,
				451C248C2659E029004C52AD /* Resources */,
			);
			buildRules = (
			);
			dependencies = (
			);
			name = "SwiftUI-training-API";
			productName = "SwiftUI-training-API";
			productReference = 451C248E2659E029004C52AD /* SwiftUI-training-API.app */;
			productType = "com.apple.product-type.application";
		};
		458F73EF26A27C6400FCD410 /* SwiftUI-training-APITests */ = {
			isa = PBXNativeTarget;
			buildConfigurationList = 458F73F726A27C6400FCD410 /* Build configuration list for PBXNativeTarget "SwiftUI-training-APITests" */;
			buildPhases = (
				458F73EC26A27C6400FCD410 /* Sources */,
				458F73ED26A27C6400FCD410 /* Frameworks */,
				458F73EE26A27C6400FCD410 /* Resources */,
			);
			buildRules = (
			);
			dependencies = (
				458F73F626A27C6400FCD410 /* PBXTargetDependency */,
			);
			name = "SwiftUI-training-APITests";
			productName = "SwiftUI-training-APITests";
			productReference = 458F73F026A27C6400FCD410 /* SwiftUI-training-APITests.xctest */;
			productType = "com.apple.product-type.bundle.unit-test";
		};
/* End PBXNativeTarget section */

/* Begin PBXProject section */
		451C24862659E028004C52AD /* Project object */ = {
			isa = PBXProject;
			attributes = {
				LastSwiftUpdateCheck = 1240;
				LastUpgradeCheck = 1240;
				TargetAttributes = {
					451C248D2659E029004C52AD = {
						CreatedOnToolsVersion = 12.4;
					};
					458F73EF26A27C6400FCD410 = {
						CreatedOnToolsVersion = 12.4;
						TestTargetID = 451C248D2659E029004C52AD;
					};
				};
			};
			buildConfigurationList = 451C24892659E028004C52AD /* Build configuration list for PBXProject "SwiftUI-training-API" */;
			compatibilityVersion = "Xcode 9.3";
			developmentRegion = en;
			hasScannedForEncodings = 0;
			knownRegions = (
				en,
				Base,
			);
			mainGroup = 451C24852659E028004C52AD;
			productRefGroup = 451C248F2659E029004C52AD /* Products */;
			projectDirPath = "";
			projectRoot = "";
			targets = (
				451C248D2659E029004C52AD /* SwiftUI-training-API */,
				458F73EF26A27C6400FCD410 /* SwiftUI-training-APITests */,
			);
		};
/* End PBXProject section */

/* Begin PBXResourcesBuildPhase section */
		451C248C2659E029004C52AD /* Resources */ = {
			isa = PBXResourcesBuildPhase;
			buildActionMask = 2147483647;
			files = (
				451C24992659E02B004C52AD /* Preview Assets.xcassets in Resources */,
				451C24962659E02B004C52AD /* Assets.xcassets in Resources */,
			);
			runOnlyForDeploymentPostprocessing = 0;
		};
		458F73EE26A27C6400FCD410 /* Resources */ = {
			isa = PBXResourcesBuildPhase;
			buildActionMask = 2147483647;
			files = (
			);
			runOnlyForDeploymentPostprocessing = 0;
		};
/* End PBXResourcesBuildPhase section */

/* Begin PBXSourcesBuildPhase section */
		451C248A2659E029004C52AD /* Sources */ = {
			isa = PBXSourcesBuildPhase;
			buildActionMask = 2147483647;
			files = (
				451C24942659E029004C52AD /* RepoListView.swift in Sources */,
				45316F5D2678F7A800CAB910 /* Stateful.swift in Sources */,
				451C24B3265AB8F8004C52AD /* Repo+mock.swift in Sources */,
				458F73FF26A8490F00FCD410 /* RepoRepositoryMock.swift in Sources */,
				45F98BE42668F688000B30F2 /* PublicRepository.swift in Sources */,
				451C24A92659E771004C52AD /* RepoInfoView.swift in Sources */,
				45316F65268562B900CAB910 /* RepoRepository.swift in Sources */,
				45316F682685632A00CAB910 /* RepoAPIClient.swift in Sources */,
				451C24922659E029004C52AD /* SwiftUI_training_APIApp.swift in Sources */,
				451C24AC265AB77F004C52AD /* RepoDetailView.swift in Sources */,
				45316F61268561F900CAB910 /* RepoListViewModel.swift in Sources */,
				451C24A22659E4AC004C52AD /* User.swift in Sources */,
				45F98BEE266A7010000B30F2 /* RepoEmptyView.swift in Sources */,
				45F98BEB266A674B000B30F2 /* RepoErrorView.swift in Sources */,
				451C24B7265AB909004C52AD /* User+mock.swift in Sources */,
				451C24A52659E4B4004C52AD /* Repo.swift in Sources */,
			);
			runOnlyForDeploymentPostprocessing = 0;
		};
		458F73EC26A27C6400FCD410 /* Sources */ = {
			isa = PBXSourcesBuildPhase;
			buildActionMask = 2147483647;
			files = (
				458F73F326A27C6400FCD410 /* RepoListViewModelTests.swift in Sources */,
			);
			runOnlyForDeploymentPostprocessing = 0;
		};
/* End PBXSourcesBuildPhase section */

/* Begin PBXTargetDependency section */
		458F73F626A27C6400FCD410 /* PBXTargetDependency */ = {
			isa = PBXTargetDependency;
			target = 451C248D2659E029004C52AD /* SwiftUI-training-API */;
			targetProxy = 458F73F526A27C6400FCD410 /* PBXContainerItemProxy */;
		};
/* End PBXTargetDependency section */

/* Begin XCBuildConfiguration section */
		451C249B2659E02B004C52AD /* Debug */ = {
			isa = XCBuildConfiguration;
			buildSettings = {
				ALWAYS_SEARCH_USER_PATHS = NO;
				CLANG_ANALYZER_NONNULL = YES;
				CLANG_ANALYZER_NUMBER_OBJECT_CONVERSION = YES_AGGRESSIVE;
				CLANG_CXX_LANGUAGE_STANDARD = "gnu++14";
				CLANG_CXX_LIBRARY = "libc++";
				CLANG_ENABLE_MODULES = YES;
				CLANG_ENABLE_OBJC_ARC = YES;
				CLANG_ENABLE_OBJC_WEAK = YES;
				CLANG_WARN_BLOCK_CAPTURE_AUTORELEASING = YES;
				CLANG_WARN_BOOL_CONVERSION = YES;
				CLANG_WARN_COMMA = YES;
				CLANG_WARN_CONSTANT_CONVERSION = YES;
				CLANG_WARN_DEPRECATED_OBJC_IMPLEMENTATIONS = YES;
				CLANG_WARN_DIRECT_OBJC_ISA_USAGE = YES_ERROR;
				CLANG_WARN_DOCUMENTATION_COMMENTS = YES;
				CLANG_WARN_EMPTY_BODY = YES;
				CLANG_WARN_ENUM_CONVERSION = YES;
				CLANG_WARN_INFINITE_RECURSION = YES;
				CLANG_WARN_INT_CONVERSION = YES;
				CLANG_WARN_NON_LITERAL_NULL_CONVERSION = YES;
				CLANG_WARN_OBJC_IMPLICIT_RETAIN_SELF = YES;
				CLANG_WARN_OBJC_LITERAL_CONVERSION = YES;
				CLANG_WARN_OBJC_ROOT_CLASS = YES_ERROR;
				CLANG_WARN_QUOTED_INCLUDE_IN_FRAMEWORK_HEADER = YES;
				CLANG_WARN_RANGE_LOOP_ANALYSIS = YES;
				CLANG_WARN_STRICT_PROTOTYPES = YES;
				CLANG_WARN_SUSPICIOUS_MOVE = YES;
				CLANG_WARN_UNGUARDED_AVAILABILITY = YES_AGGRESSIVE;
				CLANG_WARN_UNREACHABLE_CODE = YES;
				CLANG_WARN__DUPLICATE_METHOD_MATCH = YES;
				COPY_PHASE_STRIP = NO;
				DEBUG_INFORMATION_FORMAT = dwarf;
				ENABLE_STRICT_OBJC_MSGSEND = YES;
				ENABLE_TESTABILITY = YES;
				GCC_C_LANGUAGE_STANDARD = gnu11;
				GCC_DYNAMIC_NO_PIC = NO;
				GCC_NO_COMMON_BLOCKS = YES;
				GCC_OPTIMIZATION_LEVEL = 0;
				GCC_PREPROCESSOR_DEFINITIONS = (
					"DEBUG=1",
					"$(inherited)",
				);
				GCC_WARN_64_TO_32_BIT_CONVERSION = YES;
				GCC_WARN_ABOUT_RETURN_TYPE = YES_ERROR;
				GCC_WARN_UNDECLARED_SELECTOR = YES;
				GCC_WARN_UNINITIALIZED_AUTOS = YES_AGGRESSIVE;
				GCC_WARN_UNUSED_FUNCTION = YES;
				GCC_WARN_UNUSED_VARIABLE = YES;
				IPHONEOS_DEPLOYMENT_TARGET = 14.4;
				MTL_ENABLE_DEBUG_INFO = INCLUDE_SOURCE;
				MTL_FAST_MATH = YES;
				ONLY_ACTIVE_ARCH = YES;
				SDKROOT = iphoneos;
				SWIFT_ACTIVE_COMPILATION_CONDITIONS = DEBUG;
				SWIFT_OPTIMIZATION_LEVEL = "-Onone";
			};
			name = Debug;
		};
		451C249C2659E02B004C52AD /* Release */ = {
			isa = XCBuildConfiguration;
			buildSettings = {
				ALWAYS_SEARCH_USER_PATHS = NO;
				CLANG_ANALYZER_NONNULL = YES;
				CLANG_ANALYZER_NUMBER_OBJECT_CONVERSION = YES_AGGRESSIVE;
				CLANG_CXX_LANGUAGE_STANDARD = "gnu++14";
				CLANG_CXX_LIBRARY = "libc++";
				CLANG_ENABLE_MODULES = YES;
				CLANG_ENABLE_OBJC_ARC = YES;
				CLANG_ENABLE_OBJC_WEAK = YES;
				CLANG_WARN_BLOCK_CAPTURE_AUTORELEASING = YES;
				CLANG_WARN_BOOL_CONVERSION = YES;
				CLANG_WARN_COMMA = YES;
				CLANG_WARN_CONSTANT_CONVERSION = YES;
				CLANG_WARN_DEPRECATED_OBJC_IMPLEMENTATIONS = YES;
				CLANG_WARN_DIRECT_OBJC_ISA_USAGE = YES_ERROR;
				CLANG_WARN_DOCUMENTATION_COMMENTS = YES;
				CLANG_WARN_EMPTY_BODY = YES;
				CLANG_WARN_ENUM_CONVERSION = YES;
				CLANG_WARN_INFINITE_RECURSION = YES;
				CLANG_WARN_INT_CONVERSION = YES;
				CLANG_WARN_NON_LITERAL_NULL_CONVERSION = YES;
				CLANG_WARN_OBJC_IMPLICIT_RETAIN_SELF = YES;
				CLANG_WARN_OBJC_LITERAL_CONVERSION = YES;
				CLANG_WARN_OBJC_ROOT_CLASS = YES_ERROR;
				CLANG_WARN_QUOTED_INCLUDE_IN_FRAMEWORK_HEADER = YES;
				CLANG_WARN_RANGE_LOOP_ANALYSIS = YES;
				CLANG_WARN_STRICT_PROTOTYPES = YES;
				CLANG_WARN_SUSPICIOUS_MOVE = YES;
				CLANG_WARN_UNGUARDED_AVAILABILITY = YES_AGGRESSIVE;
				CLANG_WARN_UNREACHABLE_CODE = YES;
				CLANG_WARN__DUPLICATE_METHOD_MATCH = YES;
				COPY_PHASE_STRIP = NO;
				DEBUG_INFORMATION_FORMAT = "dwarf-with-dsym";
				ENABLE_NS_ASSERTIONS = NO;
				ENABLE_STRICT_OBJC_MSGSEND = YES;
				GCC_C_LANGUAGE_STANDARD = gnu11;
				GCC_NO_COMMON_BLOCKS = YES;
				GCC_WARN_64_TO_32_BIT_CONVERSION = YES;
				GCC_WARN_ABOUT_RETURN_TYPE = YES_ERROR;
				GCC_WARN_UNDECLARED_SELECTOR = YES;
				GCC_WARN_UNINITIALIZED_AUTOS = YES_AGGRESSIVE;
				GCC_WARN_UNUSED_FUNCTION = YES;
				GCC_WARN_UNUSED_VARIABLE = YES;
				IPHONEOS_DEPLOYMENT_TARGET = 14.4;
				MTL_ENABLE_DEBUG_INFO = NO;
				MTL_FAST_MATH = YES;
				SDKROOT = iphoneos;
				SWIFT_COMPILATION_MODE = wholemodule;
				SWIFT_OPTIMIZATION_LEVEL = "-O";
				VALIDATE_PRODUCT = YES;
			};
			name = Release;
		};
		451C249E2659E02B004C52AD /* Debug */ = {
			isa = XCBuildConfiguration;
			buildSettings = {
				ASSETCATALOG_COMPILER_APPICON_NAME = AppIcon;
				ASSETCATALOG_COMPILER_GLOBAL_ACCENT_COLOR_NAME = AccentColor;
				CODE_SIGN_STYLE = Automatic;
				DEVELOPMENT_ASSET_PATHS = "\"SwiftUI-training-API/Preview Content\"";
				DEVELOPMENT_TEAM = PC429995YF;
				ENABLE_PREVIEWS = YES;
				INFOPLIST_FILE = "SwiftUI-training-API/Info.plist";
				IPHONEOS_DEPLOYMENT_TARGET = 14.0;
				LD_RUNPATH_SEARCH_PATHS = (
					"$(inherited)",
					"@executable_path/Frameworks",
				);
				PRODUCT_BUNDLE_IDENTIFIER = "com.kawahara.SwiftUI-training-API";
				PRODUCT_NAME = "$(TARGET_NAME)";
				SWIFT_VERSION = 5.0;
				TARGETED_DEVICE_FAMILY = "1,2";
			};
			name = Debug;
		};
		451C249F2659E02B004C52AD /* Release */ = {
			isa = XCBuildConfiguration;
			buildSettings = {
				ASSETCATALOG_COMPILER_APPICON_NAME = AppIcon;
				ASSETCATALOG_COMPILER_GLOBAL_ACCENT_COLOR_NAME = AccentColor;
				CODE_SIGN_STYLE = Automatic;
				DEVELOPMENT_ASSET_PATHS = "\"SwiftUI-training-API/Preview Content\"";
				DEVELOPMENT_TEAM = PC429995YF;
				ENABLE_PREVIEWS = YES;
				INFOPLIST_FILE = "SwiftUI-training-API/Info.plist";
				IPHONEOS_DEPLOYMENT_TARGET = 14.0;
				LD_RUNPATH_SEARCH_PATHS = (
					"$(inherited)",
					"@executable_path/Frameworks",
				);
				PRODUCT_BUNDLE_IDENTIFIER = "com.kawahara.SwiftUI-training-API";
				PRODUCT_NAME = "$(TARGET_NAME)";
				SWIFT_VERSION = 5.0;
				TARGETED_DEVICE_FAMILY = "1,2";
			};
			name = Release;
		};
		458F73F826A27C6400FCD410 /* Debug */ = {
			isa = XCBuildConfiguration;
			buildSettings = {
				BUNDLE_LOADER = "$(TEST_HOST)";
				CODE_SIGN_STYLE = Automatic;
				DEVELOPMENT_TEAM = PC429995YF;
				INFOPLIST_FILE = "SwiftUI-training-APITests/Info.plist";
				LD_RUNPATH_SEARCH_PATHS = (
					"$(inherited)",
					"@executable_path/Frameworks",
					"@loader_path/Frameworks",
				);
				PRODUCT_BUNDLE_IDENTIFIER = "com.kawahara.SwiftUI-training-APITests";
				PRODUCT_NAME = "$(TARGET_NAME)";
				SWIFT_VERSION = 5.0;
				TARGETED_DEVICE_FAMILY = "1,2";
				TEST_HOST = "$(BUILT_PRODUCTS_DIR)/SwiftUI-training-API.app/SwiftUI-training-API";
			};
			name = Debug;
		};
		458F73F926A27C6400FCD410 /* Release */ = {
			isa = XCBuildConfiguration;
			buildSettings = {
				BUNDLE_LOADER = "$(TEST_HOST)";
				CODE_SIGN_STYLE = Automatic;
				DEVELOPMENT_TEAM = PC429995YF;
				INFOPLIST_FILE = "SwiftUI-training-APITests/Info.plist";
				LD_RUNPATH_SEARCH_PATHS = (
					"$(inherited)",
					"@executable_path/Frameworks",
					"@loader_path/Frameworks",
				);
				PRODUCT_BUNDLE_IDENTIFIER = "com.kawahara.SwiftUI-training-APITests";
				PRODUCT_NAME = "$(TARGET_NAME)";
				SWIFT_VERSION = 5.0;
				TARGETED_DEVICE_FAMILY = "1,2";
				TEST_HOST = "$(BUILT_PRODUCTS_DIR)/SwiftUI-training-API.app/SwiftUI-training-API";
			};
			name = Release;
		};
/* End XCBuildConfiguration section */

/* Begin XCConfigurationList section */
		451C24892659E028004C52AD /* Build configuration list for PBXProject "SwiftUI-training-API" */ = {
			isa = XCConfigurationList;
			buildConfigurations = (
				451C249B2659E02B004C52AD /* Debug */,
				451C249C2659E02B004C52AD /* Release */,
			);
			defaultConfigurationIsVisible = 0;
			defaultConfigurationName = Release;
		};
		451C249D2659E02B004C52AD /* Build configuration list for PBXNativeTarget "SwiftUI-training-API" */ = {
			isa = XCConfigurationList;
			buildConfigurations = (
				451C249E2659E02B004C52AD /* Debug */,
				451C249F2659E02B004C52AD /* Release */,
			);
			defaultConfigurationIsVisible = 0;
			defaultConfigurationName = Release;
		};
		458F73F726A27C6400FCD410 /* Build configuration list for PBXNativeTarget "SwiftUI-training-APITests" */ = {
			isa = XCConfigurationList;
			buildConfigurations = (
				458F73F826A27C6400FCD410 /* Debug */,
				458F73F926A27C6400FCD410 /* Release */,
			);
			defaultConfigurationIsVisible = 0;
			defaultConfigurationName = Release;
		};
/* End XCConfigurationList section */
	};
	rootObject = 451C24862659E028004C52AD /* Project object */;
}
